// !$*UTF8*$!
{
	archiveVersion = 1;
	classes = {
	};
	objectVersion = 56;
	objects = {

/* Begin PBXBuildFile section */
		B10000000000000000000001 /* PriceLensApp.swift in Sources */ = {isa = PBXBuildFile; fileRef = C10000000000000000000001 /* PriceLensApp.swift */; };
		B10000000000000000000002 /* ContentView.swift in Sources */ = {isa = PBXBuildFile; fileRef = C10000000000000000000002 /* ContentView.swift */; };
		B10000000000000000000003 /* Models.swift in Sources */ = {isa = PBXBuildFile; fileRef = C10000000000000000000003 /* Models.swift */; };
		B10000000000000000000004 /* ComparisonEngine.swift in Sources */ = {isa = PBXBuildFile; fileRef = C10000000000000000000004 /* ComparisonEngine.swift */; };
		B10000000000000000000005 /* PriceTagParser.swift in Sources */ = {isa = PBXBuildFile; fileRef = C10000000000000000000005 /* PriceTagParser.swift */; };
		B10000000000000000000006 /* ScannerModel.swift in Sources */ = {isa = PBXBuildFile; fileRef = C10000000000000000000006 /* ScannerModel.swift */; };
		B10000000000000000000007 /* ScannerView.swift in Sources */ = {isa = PBXBuildFile; fileRef = C10000000000000000000007 /* ScannerView.swift */; };
		B10000000000000000000008 /* PriceTagParserTests.swift in Sources */ = {isa = PBXBuildFile; fileRef = C10000000000000000000008 /* PriceTagParserTests.swift */; };
		B10000000000000000000009 /* PrivacyInfo.xcprivacy in Resources */ = {isa = PBXBuildFile; fileRef = C1000000000000000000000C /* PrivacyInfo.xcprivacy */; };
/* End PBXBuildFile section */

/* Begin PBXContainerItemProxy section */
		D10000000000000000000001 /* PBXContainerItemProxy */ = {
			isa = PBXContainerItemProxy;
			containerPortal = A00000000000000000000001 /* Project object */;
			proxyType = 1;
			remoteGlobalIDString = A10000000000000000000001;
			remoteInfo = PriceLens;
		};
/* End PBXContainerItemProxy section */

/* Begin PBXFileReference section */
		C10000000000000000000001 /* PriceLensApp.swift */ = {isa = PBXFileReference; lastKnownFileType = sourcecode.swift; path = PriceLensApp.swift; sourceTree = "<group>"; };
		C10000000000000000000002 /* ContentView.swift */ = {isa = PBXFileReference; lastKnownFileType = sourcecode.swift; path = ContentView.swift; sourceTree = "<group>"; };
		C10000000000000000000003 /* Models.swift */ = {isa = PBXFileReference; lastKnownFileType = sourcecode.swift; path = Models.swift; sourceTree = "<group>"; };
		C10000000000000000000004 /* ComparisonEngine.swift */ = {isa = PBXFileReference; lastKnownFileType = sourcecode.swift; path = ComparisonEngine.swift; sourceTree = "<group>"; };
		C10000000000000000000005 /* PriceTagParser.swift */ = {isa = PBXFileReference; lastKnownFileType = sourcecode.swift; path = PriceTagParser.swift; sourceTree = "<group>"; };
		C10000000000000000000006 /* ScannerModel.swift */ = {isa = PBXFileReference; lastKnownFileType = sourcecode.swift; path = ScannerModel.swift; sourceTree = "<group>"; };
		C10000000000000000000007 /* ScannerView.swift */ = {isa = PBXFileReference; lastKnownFileType = sourcecode.swift; path = ScannerView.swift; sourceTree = "<group>"; };
		C10000000000000000000008 /* PriceTagParserTests.swift */ = {isa = PBXFileReference; lastKnownFileType = sourcecode.swift; path = PriceTagParserTests.swift; sourceTree = "<group>"; };
		C10000000000000000000009 /* Info.plist */ = {isa = PBXFileReference; lastKnownFileType = text.plist.xml; path = Info.plist; sourceTree = "<group>"; };
		C1000000000000000000000A /* PriceLens.app */ = {isa = PBXFileReference; explicitFileType = wrapper.application; includeInIndex = 0; path = PriceLens.app; sourceTree = BUILT_PRODUCTS_DIR; };
		C1000000000000000000000B /* PriceLensTests.xctest */ = {isa = PBXFileReference; explicitFileType = wrapper.cfbundle; includeInIndex = 0; path = PriceLensTests.xctest; sourceTree = BUILT_PRODUCTS_DIR; };
		C1000000000000000000000C /* PrivacyInfo.xcprivacy */ = {isa = PBXFileReference; lastKnownFileType = text.xml; path = PrivacyInfo.xcprivacy; sourceTree = "<group>"; };
/* End PBXFileReference section */

/* Begin PBXFrameworksBuildPhase section */
		E10000000000000000000001 /* Frameworks */ = {
			isa = PBXFrameworksBuildPhase;
			buildActionMask = 2147483647;
			files = (
			);
			runOnlyForDeploymentPostprocessing = 0;
		};
		E10000000000000000000002 /* Frameworks */ = {
			isa = PBXFrameworksBuildPhase;
			buildActionMask = 2147483647;
			files = (
			);
			runOnlyForDeploymentPostprocessing = 0;
		};
/* End PBXFrameworksBuildPhase section */

/* Begin PBXGroup section */
		F10000000000000000000001 = {
			isa = PBXGroup;
			children = (
				F10000000000000000000002 /* PriceLens */,
				F10000000000000000000005 /* PriceLensTests */,
				F10000000000000000000006 /* Products */,
			);
			sourceTree = "<group>";
		};
		F10000000000000000000002 /* PriceLens */ = {
			isa = PBXGroup;
			children = (
				C10000000000000000000001 /* PriceLensApp.swift */,
				C10000000000000000000002 /* ContentView.swift */,
				F10000000000000000000003 /* Core */,
				F10000000000000000000004 /* Scanner */,
				C10000000000000000000009 /* Info.plist */,
				C1000000000000000000000C /* PrivacyInfo.xcprivacy */,
			);
			path = PriceLens;
			sourceTree = "<group>";
		};
		F10000000000000000000003 /* Core */ = {
			isa = PBXGroup;
			children = (
				C10000000000000000000003 /* Models.swift */,
				C10000000000000000000004 /* ComparisonEngine.swift */,
				C10000000000000000000005 /* PriceTagParser.swift */,
			);
			path = Core;
			sourceTree = "<group>";
		};
		F10000000000000000000004 /* Scanner */ = {
			isa = PBXGroup;
			children = (
				C10000000000000000000006 /* ScannerModel.swift */,
				C10000000000000000000007 /* ScannerView.swift */,
			);
			path = Scanner;
			sourceTree = "<group>";
		};
		F10000000000000000000005 /* PriceLensTests */ = {
			isa = PBXGroup;
			children = (
				C10000000000000000000008 /* PriceTagParserTests.swift */,
			);
			path = PriceLensTests;
			sourceTree = "<group>";
		};
		F10000000000000000000006 /* Products */ = {
			isa = PBXGroup;
			children = (
				C1000000000000000000000A /* PriceLens.app */,
				C1000000000000000000000B /* PriceLensTests.xctest */,
			);
			name = Products;
			sourceTree = "<group>";
		};
/* End PBXGroup section */

/* Begin PBXNativeTarget section */
		A10000000000000000000001 /* PriceLens */ = {
			isa = PBXNativeTarget;
			buildConfigurationList = A30000000000000000000001 /* Build configuration list for PBXNativeTarget "PriceLens" */;
			buildPhases = (
				E30000000000000000000001 /* Sources */,
				E10000000000000000000001 /* Frameworks */,
				E20000000000000000000001 /* Resources */,
			);
			buildRules = (
			);
			dependencies = (
			);
			name = PriceLens;
			productName = PriceLens;
			productReference = C1000000000000000000000A /* PriceLens.app */;
			productType = "com.apple.product-type.application";
		};
		A10000000000000000000002 /* PriceLensTests */ = {
			isa = PBXNativeTarget;
			buildConfigurationList = A30000000000000000000002 /* Build configuration list for PBXNativeTarget "PriceLensTests" */;
			buildPhases = (
				E30000000000000000000002 /* Sources */,
				E10000000000000000000002 /* Frameworks */,
				E20000000000000000000002 /* Resources */,
			);
			buildRules = (
			);
			dependencies = (
				D20000000000000000000001 /* PBXTargetDependency */,
			);
			name = PriceLensTests;
			productName = PriceLensTests;
			productReference = C1000000000000000000000B /* PriceLensTests.xctest */;
			productType = "com.apple.product-type.bundle.unit-test";
		};
/* End PBXNativeTarget section */

/* Begin PBXProject section */
		A00000000000000000000001 /* Project object */ = {
			isa = PBXProject;
			attributes = {
				BuildIndependentTargetsInParallel = YES;
				LastSwiftUpdateCheck = 1600;
				LastUpgradeCheck = 1600;
				TargetAttributes = {
					A10000000000000000000001 = {
						CreatedOnToolsVersion = 16.0;
					};
					A10000000000000000000002 = {
						CreatedOnToolsVersion = 16.0;
						TestTargetID = A10000000000000000000001;
					};
				};
			};
			buildConfigurationList = A30000000000000000000003 /* Build configuration list for PBXProject "PriceLens" */;
			compatibilityVersion = "Xcode 14.0";
			developmentRegion = en;
			hasScannedForEncodings = 0;
			knownRegions = (
				en,
				Base,
			);
			mainGroup = F10000000000000000000001;
			productRefGroup = F10000000000000000000006 /* Products */;
			projectDirPath = "";
			projectRoot = "";
			targets = (
				A10000000000000000000001 /* PriceLens */,
				A10000000000000000000002 /* PriceLensTests */,
			);
		};
/* End PBXProject section */

/* Begin PBXResourcesBuildPhase section */
		E20000000000000000000001 /* Resources */ = {
			isa = PBXResourcesBuildPhase;
			buildActionMask = 2147483647;
			files = (
				B10000000000000000000009 /* PrivacyInfo.xcprivacy in Resources */,
			);
			runOnlyForDeploymentPostprocessing = 0;
		};
		E20000000000000000000002 /* Resources */ = {
			isa = PBXResourcesBuildPhase;
			buildActionMask = 2147483647;
			files = (
			);
			runOnlyForDeploymentPostprocessing = 0;
		};
/* End PBXResourcesBuildPhase section */

/* Begin PBXSourcesBuildPhase section */
		E30000000000000000000001 /* Sources */ = {
			isa = PBXSourcesBuildPhase;
			buildActionMask = 2147483647;
			files = (
				B10000000000000000000001 /* PriceLensApp.swift in Sources */,
				B10000000000000000000002 /* ContentView.swift in Sources */,
				B10000000000000000000003 /* Models.swift in Sources */,
				B10000000000000000000004 /* ComparisonEngine.swift in Sources */,
				B10000000000000000000005 /* PriceTagParser.swift in Sources */,
				B10000000000000000000006 /* ScannerModel.swift in Sources */,
				B10000000000000000000007 /* ScannerView.swift in Sources */,
			);
			runOnlyForDeploymentPostprocessing = 0;
		};
		E30000000000000000000002 /* Sources */ = {
			isa = PBXSourcesBuildPhase;
			buildActionMask = 2147483647;
			files = (
				B10000000000000000000008 /* PriceTagParserTests.swift in Sources */,
			);
			runOnlyForDeploymentPostprocessing = 0;
		};
/* End PBXSourcesBuildPhase section */

/* Begin PBXTargetDependency section */
		D20000000000000000000001 /* PBXTargetDependency */ = {
			isa = PBXTargetDependency;
			target = A10000000000000000000001 /* PriceLens */;
			targetProxy = D10000000000000000000001 /* PBXContainerItemProxy */;
		};
/* End PBXTargetDependency section */

/* Begin XCBuildConfiguration section */
		A40000000000000000000001 /* Debug */ = {
			isa = XCBuildConfiguration;
			buildSettings = {
				CODE_SIGN_STYLE = Automatic;
				CURRENT_PROJECT_VERSION = 1;
				GENERATE_INFOPLIST_FILE = NO;
				INFOPLIST_FILE = PriceLens/Info.plist;
				IPHONEOS_DEPLOYMENT_TARGET = 17.0;
				MARKETING_VERSION = 0.1.0;
				PRODUCT_BUNDLE_IDENTIFIER = com.os3kov.PriceLens;
				PRODUCT_NAME = "$(TARGET_NAME)";
				SUPPORTED_PLATFORMS = "iphoneos iphonesimulator";
				SUPPORTS_MACCATALYST = NO;
				SWIFT_EMIT_LOC_STRINGS = YES;
				SWIFT_VERSION = 5.0;
				TARGETED_DEVICE_FAMILY = 1;
			};
			name = Debug;
		};
		A40000000000000000000002 /* Release */ = {
			isa = XCBuildConfiguration;
			buildSettings = {
				CODE_SIGN_STYLE = Automatic;
				CURRENT_PROJECT_VERSION = 1;
				GENERATE_INFOPLIST_FILE = NO;
				INFOPLIST_FILE = PriceLens/Info.plist;
				IPHONEOS_DEPLOYMENT_TARGET = 17.0;
				MARKETING_VERSION = 0.1.0;
				PRODUCT_BUNDLE_IDENTIFIER = com.os3kov.PriceLens;
				PRODUCT_NAME = "$(TARGET_NAME)";
				SUPPORTED_PLATFORMS = "iphoneos iphonesimulator";
				SUPPORTS_MACCATALYST = NO;
				SWIFT_EMIT_LOC_STRINGS = YES;
				SWIFT_VERSION = 5.0;
				TARGETED_DEVICE_FAMILY = 1;
			};
			name = Release;
		};
		A40000000000000000000003 /* Debug */ = {
			isa = XCBuildConfiguration;
			buildSettings = {
				BUNDLE_LOADER = "$(TEST_HOST)";
				CODE_SIGN_STYLE = Automatic;
				GENERATE_INFOPLIST_FILE = YES;
				IPHONEOS_DEPLOYMENT_TARGET = 17.0;
				PRODUCT_BUNDLE_IDENTIFIER = com.os3kov.PriceLensTests;
				PRODUCT_NAME = "$(TARGET_NAME)";
				SWIFT_VERSION = 5.0;
				TARGETED_DEVICE_FAMILY = 1;
				TEST_HOST = "$(BUILT_PRODUCTS_DIR)/PriceLens.app/$(BUNDLE_EXECUTABLE_FOLDER_PATH)/PriceLens";
			};
			name = Debug;
		};
		A40000000000000000000004 /* Release */ = {
			isa = XCBuildConfiguration;
			buildSettings = {
				BUNDLE_LOADER = "$(TEST_HOST)";
				CODE_SIGN_STYLE = Automatic;
				GENERATE_INFOPLIST_FILE = YES;
				IPHONEOS_DEPLOYMENT_TARGET = 17.0;
				PRODUCT_BUNDLE_IDENTIFIER = com.os3kov.PriceLensTests;
				PRODUCT_NAME = "$(TARGET_NAME)";
				SWIFT_VERSION = 5.0;
				TARGETED_DEVICE_FAMILY = 1;
				TEST_HOST = "$(BUILT_PRODUCTS_DIR)/PriceLens.app/$(BUNDLE_EXECUTABLE_FOLDER_PATH)/PriceLens";
			};
			name = Release;
		};
		A40000000000000000000005 /* Debug */ = {
			isa = XCBuildConfiguration;
			buildSettings = {
				ALWAYS_SEARCH_USER_PATHS = NO;
				CLANG_ENABLE_MODULES = YES;
				CLANG_ENABLE_OBJC_ARC = YES;
				COPY_PHASE_STRIP = NO;
				DEBUG_INFORMATION_FORMAT = dwarf;
				ENABLE_TESTABILITY = YES;
				GCC_C_LANGUAGE_STANDARD = gnu17;
				GCC_OPTIMIZATION_LEVEL = 0;
				IPHONEOS_DEPLOYMENT_TARGET = 17.0;
				MTL_ENABLE_DEBUG_INFO = INCLUDE_SOURCE;
				ONLY_ACTIVE_ARCH = YES;
				SDKROOT = iphoneos;
				SWIFT_ACTIVE_COMPILATION_CONDITIONS = DEBUG;
				SWIFT_OPTIMIZATION_LEVEL = "-Onone";
			};
			name = Debug;
		};
		A40000000000000000000006 /* Release */ = {
			isa = XCBuildConfiguration;
			buildSettings = {
				ALWAYS_SEARCH_USER_PATHS = NO;
				CLANG_ENABLE_MODULES = YES;
				CLANG_ENABLE_OBJC_ARC = YES;
				COPY_PHASE_STRIP = NO;
				DEBUG_INFORMATION_FORMAT = "dwarf-with-dsym";
				ENABLE_NS_ASSERTIONS = NO;
				GCC_C_LANGUAGE_STANDARD = gnu17;
				IPHONEOS_DEPLOYMENT_TARGET = 17.0;
				MTL_ENABLE_DEBUG_INFO = NO;
				SDKROOT = iphoneos;
				SWIFT_COMPILATION_MODE = wholemodule;
				SWIFT_OPTIMIZATION_LEVEL = "-O";
				VALIDATE_PRODUCT = YES;
			};
			name = Release;
		};
/* End XCBuildConfiguration section */

/* Begin XCConfigurationList section */
		A30000000000000000000001 /* Build configuration list for PBXNativeTarget "PriceLens" */ = {
			isa = XCConfigurationList;
			buildConfigurations = (
				A40000000000000000000001 /* Debug */,
				A40000000000000000000002 /* Release */,
			);
			defaultConfigurationIsVisible = 0;
			defaultConfigurationName = Release;
		};
		A30000000000000000000002 /* Build configuration list for PBXNativeTarget "PriceLensTests" */ = {
			isa = XCConfigurationList;
			buildConfigurations = (
				A40000000000000000000003 /* Debug */,
				A40000000000000000000004 /* Release */,
			);
			defaultConfigurationIsVisible = 0;
			defaultConfigurationName = Release;
		};
		A30000000000000000000003 /* Build configuration list for PBXProject "PriceLens" */ = {
			isa = XCConfigurationList;
			buildConfigurations = (
				A40000000000000000000005 /* Debug */,
				A40000000000000000000006 /* Release */,
			);
			defaultConfigurationIsVisible = 0;
			defaultConfigurationName = Release;
		};
/* End XCConfigurationList section */
	};
	rootObject = A00000000000000000000001 /* Project object */;
}
